
Microsoft Visual Studio Solution File, Format Version 12.00
# Visual Studio Version 17
VisualStudioVersion = 17.1.32228.430
MinimumVisualStudioVersion = 10.0.40219.1
Project("{9A19103F-16F7-4668-BE54-9A1E7A4F7556}") = "PalmSens.Core.Simplified", "PSLibraries\PalmSens.Core.Simplified\PalmSens.Core.Simplified.csproj", "{AEEE3338-99A0-4973-85F3-E621F942ABB6}"
EndProject
Project("{FAE04EC0-301F-11D3-BF4B-00C04F79EFBC}") = "PalmSens.Core.Simplified.WinForms", "PSLibraries\PalmSens.Core.Simplified.WinForms\PalmSens.Core.Simplified.WinForms.csproj", "{C7693097-0D09-4901-B5E5-164D6946314B}"
EndProject
Project("{9A19103F-16F7-4668-BE54-9A1E7A4F7556}") = "SDKPlot", "PSLibraries\SDKPlot\SDKPlot.csproj", "{B4E7493F-A730-466C-9865-5E3B509252DE}"
EndProject
Project("{FAE04EC0-301F-11D3-BF4B-00C04F79EFBC}") = "SDKPlot.WinForms", "PSLibraries\SDKPlot.WinForms\SDKPlot.WinForms.csproj", "{028FFCD7-2F5B-4C66-B520-33A2242F11CD}"
EndProject
Project("{FAE04EC0-301F-11D3-BF4B-00C04F79EFBC}") = "PSSDKPlotEISExample", "Examples\PSSDKPlotEISExample\PSSDKPlotEISExample.csproj", "{6A64059D-4A40-4B4A-A74F-DF0DC8988BAC}"
EndProject
Project("{FAE04EC0-301F-11D3-BF4B-00C04F79EFBC}") = "PSSDKBasicAsyncExample", "Examples\PSSDKBasicAsyncExample\PSSDKBasicAsyncExample.csproj", "{9299FB09-C846-4505-8DAD-7210CBE0E44F}"
EndProject
Project("{FAE04EC0-301F-11D3-BF4B-00C04F79EFBC}") = "PSSDKPlotEISFitAsyncExample", "Examples\PSSDKPlotEISFitAsyncExample\PSSDKPlotEISFitAsyncExample.csproj", "{7A6876D1-70A6-45AA-B7B3-A44F16AD44F7}"
EndProject
Project("{FAE04EC0-301F-11D3-BF4B-00C04F79EFBC}") = "PSSDKPlotPeakDetectionAsyncExample", "Examples\PSSDKPlotPeakDetectionAsyncExample\PSSDKPlotPeakDetectionAsyncExample.csproj", "{1927CF0D-4A19-4026-933D-1E4463CC958C}"
EndProject
Project("{FAE04EC0-301F-11D3-BF4B-00C04F79EFBC}") = "PSSDKFirmwareExample", "Examples\PSSDKFirmwareExample\PSSDKFirmwareExample.csproj", "{480D4712-A1A3-4AB6-BC97-CF098C68F028}"
EndProject
Project("{FAE04EC0-301F-11D3-BF4B-00C04F79EFBC}") = "impedance_winform", "..\..\..\test\winform_test\impedance_winform\impedance_winform\impedance_winform.csproj", "{FB342345-58DF-4063-B91A-476315DA7FF4}"
EndProject
Global
	GlobalSection(SolutionConfigurationPlatforms) = preSolution
		Debug|Any CPU = Debug|Any CPU
		Release|Any CPU = Release|Any CPU
	EndGlobalSection
	GlobalSection(ProjectConfigurationPlatforms) = postSolution
		{AEEE3338-99A0-4973-85F3-E621F942ABB6}.Debug|Any CPU.ActiveCfg = Debug|Any CPU
		{AEEE3338-99A0-4973-85F3-E621F942ABB6}.Debug|Any CPU.Build.0 = Debug|Any CPU
		{AEEE3338-99A0-4973-85F3-E621F942ABB6}.Release|Any CPU.ActiveCfg = Release|Any CPU
		{AEEE3338-99A0-4973-85F3-E621F942ABB6}.Release|Any CPU.Build.0 = Release|Any CPU
		{C7693097-0D09-4901-B5E5-164D6946314B}.Debug|Any CPU.ActiveCfg = Debug|Any CPU
		{C7693097-0D09-4901-B5E5-164D6946314B}.Debug|Any CPU.Build.0 = Debug|Any CPU
		{C7693097-0D09-4901-B5E5-164D6946314B}.Release|Any CPU.ActiveCfg = Release|Any CPU
		{C7693097-0D09-4901-B5E5-164D6946314B}.Release|Any CPU.Build.0 = Release|Any CPU
		{B4E7493F-A730-466C-9865-5E3B509252DE}.Debug|Any CPU.ActiveCfg = Debug|Any CPU
		{B4E7493F-A730-466C-9865-5E3B509252DE}.Debug|Any CPU.Build.0 = Debug|Any CPU
		{B4E7493F-A730-466C-9865-5E3B509252DE}.Release|Any CPU.ActiveCfg = Release|Any CPU
		{B4E7493F-A730-466C-9865-5E3B509252DE}.Release|Any CPU.Build.0 = Release|Any CPU
		{028FFCD7-2F5B-4C66-B520-33A2242F11CD}.Debug|Any CPU.ActiveCfg = Debug|Any CPU
		{028FFCD7-2F5B-4C66-B520-33A2242F11CD}.Debug|Any CPU.Build.0 = Debug|Any CPU
		{028FFCD7-2F5B-4C66-B520-33A2242F11CD}.Release|Any CPU.ActiveCfg = Release|Any CPU
		{028FFCD7-2F5B-4C66-B520-33A2242F11CD}.Release|Any CPU.Build.0 = Release|Any CPU
		{6A64059D-4A40-4B4A-A74F-DF0DC8988BAC}.Debug|Any CPU.ActiveCfg = Debug|Any CPU
		{6A64059D-4A40-4B4A-A74F-DF0DC8988BAC}.Debug|Any CPU.Build.0 = Debug|Any CPU
		{6A64059D-4A40-4B4A-A74F-DF0DC8988BAC}.Release|Any CPU.ActiveCfg = Release|Any CPU
		{6A64059D-4A40-4B4A-A74F-DF0DC8988BAC}.Release|Any CPU.Build.0 = Release|Any CPU
		{9299FB09-C846-4505-8DAD-7210CBE0E44F}.Debug|Any CPU.ActiveCfg = Debug|Any CPU
		{9299FB09-C846-4505-8DAD-7210CBE0E44F}.Debug|Any CPU.Build.0 = Debug|Any CPU
		{9299FB09-C846-4505-8DAD-7210CBE0E44F}.Release|Any CPU.ActiveCfg = Release|Any CPU
		{9299FB09-C846-4505-8DAD-7210CBE0E44F}.Release|Any CPU.Build.0 = Release|Any CPU
		{7A6876D1-70A6-45AA-B7B3-A44F16AD44F7}.Debug|Any CPU.ActiveCfg = Debug|Any CPU
		{7A6876D1-70A6-45AA-B7B3-A44F16AD44F7}.Debug|Any CPU.Build.0 = Debug|Any CPU
		{7A6876D1-70A6-45AA-B7B3-A44F16AD44F7}.Release|Any CPU.ActiveCfg = Release|Any CPU
		{7A6876D1-70A6-45AA-B7B3-A44F16AD44F7}.Release|Any CPU.Build.0 = Release|Any CPU
		{1927CF0D-4A19-4026-933D-1E4463CC958C}.Debug|Any CPU.ActiveCfg = Debug|Any CPU
		{1927CF0D-4A19-4026-933D-1E4463CC958C}.Debug|Any CPU.Build.0 = Debug|Any CPU
		{1927CF0D-4A19-4026-933D-1E4463CC958C}.Release|Any CPU.ActiveCfg = Release|Any CPU
		{1927CF0D-4A19-4026-933D-1E4463CC958C}.Release|Any CPU.Build.0 = Release|Any CPU
		{480D4712-A1A3-4AB6-BC97-CF098C68F028}.Debug|Any CPU.ActiveCfg = Debug|Any CPU
		{480D4712-A1A3-4AB6-BC97-CF098C68F028}.Debug|Any CPU.Build.0 = Debug|Any CPU
		{480D4712-A1A3-4AB6-BC97-CF098C68F028}.Release|Any CPU.ActiveCfg = Release|Any CPU
		{480D4712-A1A3-4AB6-BC97-CF098C68F028}.Release|Any CPU.Build.0 = Release|Any CPU
		{FB342345-58DF-4063-B91A-476315DA7FF4}.Debug|Any CPU.ActiveCfg = Debug|Any CPU
		{FB342345-58DF-4063-B91A-476315DA7FF4}.Debug|Any CPU.Build.0 = Debug|Any CPU
		{FB342345-58DF-4063-B91A-476315DA7FF4}.Release|Any CPU.ActiveCfg = Release|Any CPU
		{FB342345-58DF-4063-B91A-476315DA7FF4}.Release|Any CPU.Build.0 = Release|Any CPU
	EndGlobalSection
	GlobalSection(SolutionProperties) = preSolution
		HideSolutionNode = FALSE
	EndGlobalSection
	GlobalSection(ExtensibilityGlobals) = postSolution
		SolutionGuid = {4017C524-74A1-4C47-AEF3-143ED87EDF47}
	EndGlobalSection
EndGlobal
